// !$*UTF8*$!
{
	archiveVersion = 1;
	classes = {
	};
	objectVersion = 46;
	objects = {

/* Begin PBXBuildFile section */
		818DC16E1F3B7B4F001751BB /* DetalhesCervejaViewController.swift in Sources */ = {isa = PBXBuildFile; fileRef = 818DC16D1F3B7B4F001751BB /* DetalhesCervejaViewController.swift */; };
		81C01D291F3B5B910073E8B5 /* AppDelegate.swift in Sources */ = {isa = PBXBuildFile; fileRef = 81C01D281F3B5B910073E8B5 /* AppDelegate.swift */; };
		81C01D2B1F3B5B910073E8B5 /* CervejasViewController.swift in Sources */ = {isa = PBXBuildFile; fileRef = 81C01D2A1F3B5B910073E8B5 /* CervejasViewController.swift */; };
		81C01D2E1F3B5B910073E8B5 /* Main.storyboard in Resources */ = {isa = PBXBuildFile; fileRef = 81C01D2C1F3B5B910073E8B5 /* Main.storyboard */; };
		81C01D301F3B5B910073E8B5 /* Assets.xcassets in Resources */ = {isa = PBXBuildFile; fileRef = 81C01D2F1F3B5B910073E8B5 /* Assets.xcassets */; };
		81C01D331F3B5B910073E8B5 /* LaunchScreen.storyboard in Resources */ = {isa = PBXBuildFile; fileRef = 81C01D311F3B5B910073E8B5 /* LaunchScreen.storyboard */; };
		81C01D3E1F3B5B910073E8B5 /* UolTests.swift in Sources */ = {isa = PBXBuildFile; fileRef = 81C01D3D1F3B5B910073E8B5 /* UolTests.swift */; };
		81C01D491F3B5B910073E8B5 /* UolUITests.swift in Sources */ = {isa = PBXBuildFile; fileRef = 81C01D481F3B5B910073E8B5 /* UolUITests.swift */; };
		81C01D581F3B5CCB0073E8B5 /* Beer.swift in Sources */ = {isa = PBXBuildFile; fileRef = 81C01D571F3B5CCB0073E8B5 /* Beer.swift */; };
		81C01D5E1F3B5EB60073E8B5 /* BeerCollectionViewCell.swift in Sources */ = {isa = PBXBuildFile; fileRef = 81C01D5C1F3B5EB60073E8B5 /* BeerCollectionViewCell.swift */; };
		81C01D5F1F3B5EB60073E8B5 /* BeerCollectionViewCell.xib in Resources */ = {isa = PBXBuildFile; fileRef = 81C01D5D1F3B5EB60073E8B5 /* BeerCollectionViewCell.xib */; };
		81C01D631F3B62430073E8B5 /* APIUtils.swift in Sources */ = {isa = PBXBuildFile; fileRef = 81C01D621F3B62430073E8B5 /* APIUtils.swift */; };
		A9F7EB602C21CC082AD6A328 /* Pods_UolTests.framework in Frameworks */ = {isa = PBXBuildFile; fileRef = 8B4D90B67EE011D718F2C954 /* Pods_UolTests.framework */; };
		C1BA48836F4AE80066CF17AD /* Pods_Uol.framework in Frameworks */ = {isa = PBXBuildFile; fileRef = 942D17FB00ED640FC000C3B0 /* Pods_Uol.framework */; };
		C62643EA5824674614F14EEA /* Pods_UolUITests.framework in Frameworks */ = {isa = PBXBuildFile; fileRef = 2AAAC8B9F56E2DE4296A9184 /* Pods_UolUITests.framework */; };
/* End PBXBuildFile section */

/* Begin PBXContainerItemProxy section */
		81C01D3A1F3B5B910073E8B5 /* PBXContainerItemProxy */ = {
			isa = PBXContainerItemProxy;
			containerPortal = 81C01D1D1F3B5B910073E8B5 /* Project object */;
			proxyType = 1;
			remoteGlobalIDString = 81C01D241F3B5B910073E8B5;
			remoteInfo = Uol;
		};
		81C01D451F3B5B910073E8B5 /* PBXContainerItemProxy */ = {
			isa = PBXContainerItemProxy;
			containerPortal = 81C01D1D1F3B5B910073E8B5 /* Project object */;
			proxyType = 1;
			remoteGlobalIDString = 81C01D241F3B5B910073E8B5;
			remoteInfo = Uol;
		};
/* End PBXContainerItemProxy section */

/* Begin PBXFileReference section */
		16A9DAAA346CD2BA63B10906 /* Pods-Uol.release.xcconfig */ = {isa = PBXFileReference; includeInIndex = 1; lastKnownFileType = text.xcconfig; name = "Pods-Uol.release.xcconfig"; path = "Pods/Target Support Files/Pods-Uol/Pods-Uol.release.xcconfig"; sourceTree = "<group>"; };
		2AAAC8B9F56E2DE4296A9184 /* Pods_UolUITests.framework */ = {isa = PBXFileReference; explicitFileType = wrapper.framework; includeInIndex = 0; path = Pods_UolUITests.framework; sourceTree = BUILT_PRODUCTS_DIR; };
		69B34649309949F5EE4F6C90 /* Pods-UolUITests.release.xcconfig */ = {isa = PBXFileReference; includeInIndex = 1; lastKnownFileType = text.xcconfig; name = "Pods-UolUITests.release.xcconfig"; path = "Pods/Target Support Files/Pods-UolUITests/Pods-UolUITests.release.xcconfig"; sourceTree = "<group>"; };
		7290D89D31120E3AE371164A /* Pods-UolUITests.debug.xcconfig */ = {isa = PBXFileReference; includeInIndex = 1; lastKnownFileType = text.xcconfig; name = "Pods-UolUITests.debug.xcconfig"; path = "Pods/Target Support Files/Pods-UolUITests/Pods-UolUITests.debug.xcconfig"; sourceTree = "<group>"; };
		818DC16D1F3B7B4F001751BB /* DetalhesCervejaViewController.swift */ = {isa = PBXFileReference; fileEncoding = 4; lastKnownFileType = sourcecode.swift; path = DetalhesCervejaViewController.swift; sourceTree = "<group>"; };
		81C01D251F3B5B910073E8B5 /* Uol.app */ = {isa = PBXFileReference; explicitFileType = wrapper.application; includeInIndex = 0; path = Uol.app; sourceTree = BUILT_PRODUCTS_DIR; };
		81C01D281F3B5B910073E8B5 /* AppDelegate.swift */ = {isa = PBXFileReference; lastKnownFileType = sourcecode.swift; path = AppDelegate.swift; sourceTree = "<group>"; };
		81C01D2A1F3B5B910073E8B5 /* CervejasViewController.swift */ = {isa = PBXFileReference; lastKnownFileType = sourcecode.swift; path = CervejasViewController.swift; sourceTree = "<group>"; };
		81C01D2D1F3B5B910073E8B5 /* Base */ = {isa = PBXFileReference; lastKnownFileType = file.storyboard; name = Base; path = Base.lproj/Main.storyboard; sourceTree = "<group>"; };
		81C01D2F1F3B5B910073E8B5 /* Assets.xcassets */ = {isa = PBXFileReference; lastKnownFileType = folder.assetcatalog; path = Assets.xcassets; sourceTree = "<group>"; };
		81C01D321F3B5B910073E8B5 /* Base */ = {isa = PBXFileReference; lastKnownFileType = file.storyboard; name = Base; path = Base.lproj/LaunchScreen.storyboard; sourceTree = "<group>"; };
		81C01D341F3B5B910073E8B5 /* Info.plist */ = {isa = PBXFileReference; lastKnownFileType = text.plist.xml; path = Info.plist; sourceTree = "<group>"; };
		81C01D391F3B5B910073E8B5 /* UolTests.xctest */ = {isa = PBXFileReference; explicitFileType = wrapper.cfbundle; includeInIndex = 0; path = UolTests.xctest; sourceTree = BUILT_PRODUCTS_DIR; };
		81C01D3D1F3B5B910073E8B5 /* UolTests.swift */ = {isa = PBXFileReference; lastKnownFileType = sourcecode.swift; path = UolTests.swift; sourceTree = "<group>"; };
		81C01D3F1F3B5B910073E8B5 /* Info.plist */ = {isa = PBXFileReference; lastKnownFileType = text.plist.xml; path = Info.plist; sourceTree = "<group>"; };
		81C01D441F3B5B910073E8B5 /* UolUITests.xctest */ = {isa = PBXFileReference; explicitFileType = wrapper.cfbundle; includeInIndex = 0; path = UolUITests.xctest; sourceTree = BUILT_PRODUCTS_DIR; };
		81C01D481F3B5B910073E8B5 /* UolUITests.swift */ = {isa = PBXFileReference; lastKnownFileType = sourcecode.swift; path = UolUITests.swift; sourceTree = "<group>"; };
		81C01D4A1F3B5B910073E8B5 /* Info.plist */ = {isa = PBXFileReference; lastKnownFileType = text.plist.xml; path = Info.plist; sourceTree = "<group>"; };
		81C01D571F3B5CCB0073E8B5 /* Beer.swift */ = {isa = PBXFileReference; fileEncoding = 4; lastKnownFileType = sourcecode.swift; path = Beer.swift; sourceTree = "<group>"; };
		81C01D5C1F3B5EB60073E8B5 /* BeerCollectionViewCell.swift */ = {isa = PBXFileReference; fileEncoding = 4; lastKnownFileType = sourcecode.swift; path = BeerCollectionViewCell.swift; sourceTree = "<group>"; };
		81C01D5D1F3B5EB60073E8B5 /* BeerCollectionViewCell.xib */ = {isa = PBXFileReference; fileEncoding = 4; lastKnownFileType = file.xib; path = BeerCollectionViewCell.xib; sourceTree = "<group>"; };
		81C01D621F3B62430073E8B5 /* APIUtils.swift */ = {isa = PBXFileReference; fileEncoding = 4; lastKnownFileType = sourcecode.swift; path = APIUtils.swift; sourceTree = "<group>"; };
		8B4D90B67EE011D718F2C954 /* Pods_UolTests.framework */ = {isa = PBXFileReference; explicitFileType = wrapper.framework; includeInIndex = 0; path = Pods_UolTests.framework; sourceTree = BUILT_PRODUCTS_DIR; };
		942D17FB00ED640FC000C3B0 /* Pods_Uol.framework */ = {isa = PBXFileReference; explicitFileType = wrapper.framework; includeInIndex = 0; path = Pods_Uol.framework; sourceTree = BUILT_PRODUCTS_DIR; };
		A089B019917C8565C808E29D /* Pods-Uol.debug.xcconfig */ = {isa = PBXFileReference; includeInIndex = 1; lastKnownFileType = text.xcconfig; name = "Pods-Uol.debug.xcconfig"; path = "Pods/Target Support Files/Pods-Uol/Pods-Uol.debug.xcconfig"; sourceTree = "<group>"; };
		DA745A9B7340180AFBD2D0C1 /* Pods-UolTests.debug.xcconfig */ = {isa = PBXFileReference; includeInIndex = 1; lastKnownFileType = text.xcconfig; name = "Pods-UolTests.debug.xcconfig"; path = "Pods/Target Support Files/Pods-UolTests/Pods-UolTests.debug.xcconfig"; sourceTree = "<group>"; };
		DE6D9657CBABA16B859ED602 /* Pods-UolTests.release.xcconfig */ = {isa = PBXFileReference; includeInIndex = 1; lastKnownFileType = text.xcconfig; name = "Pods-UolTests.release.xcconfig"; path = "Pods/Target Support Files/Pods-UolTests/Pods-UolTests.release.xcconfig"; sourceTree = "<group>"; };
/* End PBXFileReference section */

/* Begin PBXFrameworksBuildPhase section */
		81C01D221F3B5B910073E8B5 /* Frameworks */ = {
			isa = PBXFrameworksBuildPhase;
			buildActionMask = 2147483647;
			files = (
				C1BA48836F4AE80066CF17AD /* Pods_Uol.framework in Frameworks */,
			);
			runOnlyForDeploymentPostprocessing = 0;
		};
		81C01D361F3B5B910073E8B5 /* Frameworks */ = {
			isa = PBXFrameworksBuildPhase;
			buildActionMask = 2147483647;
			files = (
				A9F7EB602C21CC082AD6A328 /* Pods_UolTests.framework in Frameworks */,
			);
			runOnlyForDeploymentPostprocessing = 0;
		};
		81C01D411F3B5B910073E8B5 /* Frameworks */ = {
			isa = PBXFrameworksBuildPhase;
			buildActionMask = 2147483647;
			files = (
				C62643EA5824674614F14EEA /* Pods_UolUITests.framework in Frameworks */,
			);
			runOnlyForDeploymentPostprocessing = 0;
		};
/* End PBXFrameworksBuildPhase section */

/* Begin PBXGroup section */
		81C01D1C1F3B5B910073E8B5 = {
			isa = PBXGroup;
			children = (
				81C01D271F3B5B910073E8B5 /* Uol */,
				81C01D3C1F3B5B910073E8B5 /* UolTests */,
				81C01D471F3B5B910073E8B5 /* UolUITests */,
				81C01D261F3B5B910073E8B5 /* Products */,
				AF21277731B05C74C623953F /* Pods */,
				9D8903B5CD809206BE32B4B9 /* Frameworks */,
			);
			sourceTree = "<group>";
		};
		81C01D261F3B5B910073E8B5 /* Products */ = {
			isa = PBXGroup;
			children = (
				81C01D251F3B5B910073E8B5 /* Uol.app */,
				81C01D391F3B5B910073E8B5 /* UolTests.xctest */,
				81C01D441F3B5B910073E8B5 /* UolUITests.xctest */,
			);
			name = Products;
			sourceTree = "<group>";
		};
		81C01D271F3B5B910073E8B5 /* Uol */ = {
			isa = PBXGroup;
			children = (
				81C01D641F3B66A90073E8B5 /* Storyboards */,
				81C01D611F3B61FD0073E8B5 /* API */,
				81C01D601F3B61E80073E8B5 /* Controllers */,
				81C01D591F3B5E230073E8B5 /* Cell */,
				81C01D561F3B5C9A0073E8B5 /* Model */,
				81C01D281F3B5B910073E8B5 /* AppDelegate.swift */,
				81C01D2F1F3B5B910073E8B5 /* Assets.xcassets */,
				81C01D341F3B5B910073E8B5 /* Info.plist */,
			);
			path = Uol;
			sourceTree = "<group>";
		};
		81C01D3C1F3B5B910073E8B5 /* UolTests */ = {
			isa = PBXGroup;
			children = (
				81C01D3D1F3B5B910073E8B5 /* UolTests.swift */,
				81C01D3F1F3B5B910073E8B5 /* Info.plist */,
			);
			path = UolTests;
			sourceTree = "<group>";
		};
		81C01D471F3B5B910073E8B5 /* UolUITests */ = {
			isa = PBXGroup;
			children = (
				81C01D481F3B5B910073E8B5 /* UolUITests.swift */,
				81C01D4A1F3B5B910073E8B5 /* Info.plist */,
			);
			path = UolUITests;
			sourceTree = "<group>";
		};
		81C01D561F3B5C9A0073E8B5 /* Model */ = {
			isa = PBXGroup;
			children = (
				81C01D571F3B5CCB0073E8B5 /* Beer.swift */,
			);
			name = Model;
			sourceTree = "<group>";
		};
		81C01D591F3B5E230073E8B5 /* Cell */ = {
			isa = PBXGroup;
			children = (
				81C01D5C1F3B5EB60073E8B5 /* BeerCollectionViewCell.swift */,
				81C01D5D1F3B5EB60073E8B5 /* BeerCollectionViewCell.xib */,
			);
			name = Cell;
			sourceTree = "<group>";
		};
		81C01D601F3B61E80073E8B5 /* Controllers */ = {
			isa = PBXGroup;
			children = (
				81C01D2A1F3B5B910073E8B5 /* CervejasViewController.swift */,
				818DC16D1F3B7B4F001751BB /* DetalhesCervejaViewController.swift */,
			);
			name = Controllers;
			sourceTree = "<group>";
		};
		81C01D611F3B61FD0073E8B5 /* API */ = {
			isa = PBXGroup;
			children = (
				81C01D621F3B62430073E8B5 /* APIUtils.swift */,
			);
			name = API;
			sourceTree = "<group>";
		};
		81C01D641F3B66A90073E8B5 /* Storyboards */ = {
			isa = PBXGroup;
			children = (
				81C01D2C1F3B5B910073E8B5 /* Main.storyboard */,
				81C01D311F3B5B910073E8B5 /* LaunchScreen.storyboard */,
			);
			name = Storyboards;
			sourceTree = "<group>";
		};
		9D8903B5CD809206BE32B4B9 /* Frameworks */ = {
			isa = PBXGroup;
			children = (
				942D17FB00ED640FC000C3B0 /* Pods_Uol.framework */,
				8B4D90B67EE011D718F2C954 /* Pods_UolTests.framework */,
				2AAAC8B9F56E2DE4296A9184 /* Pods_UolUITests.framework */,
			);
			name = Frameworks;
			sourceTree = "<group>";
		};
		AF21277731B05C74C623953F /* Pods */ = {
			isa = PBXGroup;
			children = (
				A089B019917C8565C808E29D /* Pods-Uol.debug.xcconfig */,
				16A9DAAA346CD2BA63B10906 /* Pods-Uol.release.xcconfig */,
				DA745A9B7340180AFBD2D0C1 /* Pods-UolTests.debug.xcconfig */,
				DE6D9657CBABA16B859ED602 /* Pods-UolTests.release.xcconfig */,
				7290D89D31120E3AE371164A /* Pods-UolUITests.debug.xcconfig */,
				69B34649309949F5EE4F6C90 /* Pods-UolUITests.release.xcconfig */,
			);
			name = Pods;
			sourceTree = "<group>";
		};
/* End PBXGroup section */

/* Begin PBXNativeTarget section */
		81C01D241F3B5B910073E8B5 /* Uol */ = {
			isa = PBXNativeTarget;
			buildConfigurationList = 81C01D4D1F3B5B910073E8B5 /* Build configuration list for PBXNativeTarget "Uol" */;
			buildPhases = (
				C10189D9D7761029B4221914 /* [CP] Check Pods Manifest.lock */,
				81C01D211F3B5B910073E8B5 /* Sources */,
				81C01D221F3B5B910073E8B5 /* Frameworks */,
				81C01D231F3B5B910073E8B5 /* Resources */,
				71BB715C8761173A6E982E56 /* [CP] Embed Pods Frameworks */,
				899AF6311D76054BACE6DFA2 /* [CP] Copy Pods Resources */,
			);
			buildRules = (
			);
			dependencies = (
			);
			name = Uol;
			productName = Uol;
			productReference = 81C01D251F3B5B910073E8B5 /* Uol.app */;
			productType = "com.apple.product-type.application";
		};
		81C01D381F3B5B910073E8B5 /* UolTests */ = {
			isa = PBXNativeTarget;
			buildConfigurationList = 81C01D501F3B5B910073E8B5 /* Build configuration list for PBXNativeTarget "UolTests" */;
			buildPhases = (
				A9239465C93721BB634382F5 /* [CP] Check Pods Manifest.lock */,
				81C01D351F3B5B910073E8B5 /* Sources */,
				81C01D361F3B5B910073E8B5 /* Frameworks */,
				81C01D371F3B5B910073E8B5 /* Resources */,
				F84312D79F7CFAB77407925F /* [CP] Embed Pods Frameworks */,
				EFA63DAE8A1598C19FD6F6DE /* [CP] Copy Pods Resources */,
			);
			buildRules = (
			);
			dependencies = (
				81C01D3B1F3B5B910073E8B5 /* PBXTargetDependency */,
			);
			name = UolTests;
			productName = UolTests;
			productReference = 81C01D391F3B5B910073E8B5 /* UolTests.xctest */;
			productType = "com.apple.product-type.bundle.unit-test";
		};
		81C01D431F3B5B910073E8B5 /* UolUITests */ = {
			isa = PBXNativeTarget;
			buildConfigurationList = 81C01D531F3B5B910073E8B5 /* Build configuration list for PBXNativeTarget "UolUITests" */;
			buildPhases = (
				AD2E37B9E3D69B2E85E458F2 /* [CP] Check Pods Manifest.lock */,
				81C01D401F3B5B910073E8B5 /* Sources */,
				81C01D411F3B5B910073E8B5 /* Frameworks */,
				81C01D421F3B5B910073E8B5 /* Resources */,
				F4F1DCB2BABC1F02D3DE0FBB /* [CP] Embed Pods Frameworks */,
				5C2095B67C4154BD994C4A91 /* [CP] Copy Pods Resources */,
			);
			buildRules = (
			);
			dependencies = (
				81C01D461F3B5B910073E8B5 /* PBXTargetDependency */,
			);
			name = UolUITests;
			productName = UolUITests;
			productReference = 81C01D441F3B5B910073E8B5 /* UolUITests.xctest */;
			productType = "com.apple.product-type.bundle.ui-testing";
		};
/* End PBXNativeTarget section */

/* Begin PBXProject section */
		81C01D1D1F3B5B910073E8B5 /* Project object */ = {
			isa = PBXProject;
			attributes = {
				LastSwiftUpdateCheck = 0830;
				LastUpgradeCheck = 0830;
				ORGANIZATIONNAME = "Vinicius Torres";
				TargetAttributes = {
					81C01D241F3B5B910073E8B5 = {
						CreatedOnToolsVersion = 8.3.3;
						DevelopmentTeam = 4W4CDBHWB5;
						ProvisioningStyle = Automatic;
					};
					81C01D381F3B5B910073E8B5 = {
						CreatedOnToolsVersion = 8.3.3;
						DevelopmentTeam = 4W4CDBHWB5;
						ProvisioningStyle = Automatic;
						TestTargetID = 81C01D241F3B5B910073E8B5;
					};
					81C01D431F3B5B910073E8B5 = {
						CreatedOnToolsVersion = 8.3.3;
						DevelopmentTeam = 4W4CDBHWB5;
						ProvisioningStyle = Automatic;
						TestTargetID = 81C01D241F3B5B910073E8B5;
					};
				};
			};
			buildConfigurationList = 81C01D201F3B5B910073E8B5 /* Build configuration list for PBXProject "Uol" */;
			compatibilityVersion = "Xcode 3.2";
			developmentRegion = English;
			hasScannedForEncodings = 0;
			knownRegions = (
				en,
				Base,
			);
			mainGroup = 81C01D1C1F3B5B910073E8B5;
			productRefGroup = 81C01D261F3B5B910073E8B5 /* Products */;
			projectDirPath = "";
			projectRoot = "";
			targets = (
				81C01D241F3B5B910073E8B5 /* Uol */,
				81C01D381F3B5B910073E8B5 /* UolTests */,
				81C01D431F3B5B910073E8B5 /* UolUITests */,
			);
		};
/* End PBXProject section */

/* Begin PBXResourcesBuildPhase section */
		81C01D231F3B5B910073E8B5 /* Resources */ = {
			isa = PBXResourcesBuildPhase;
			buildActionMask = 2147483647;
			files = (
				81C01D5F1F3B5EB60073E8B5 /* BeerCollectionViewCell.xib in Resources */,
				81C01D331F3B5B910073E8B5 /* LaunchScreen.storyboard in Resources */,
				81C01D301F3B5B910073E8B5 /* Assets.xcassets in Resources */,
				81C01D2E1F3B5B910073E8B5 /* Main.storyboard in Resources */,
			);
			runOnlyForDeploymentPostprocessing = 0;
		};
		81C01D371F3B5B910073E8B5 /* Resources */ = {
			isa = PBXResourcesBuildPhase;
			buildActionMask = 2147483647;
			files = (
			);
			runOnlyForDeploymentPostprocessing = 0;
		};
		81C01D421F3B5B910073E8B5 /* Resources */ = {
			isa = PBXResourcesBuildPhase;
			buildActionMask = 2147483647;
			files = (
			);
			runOnlyForDeploymentPostprocessing = 0;
		};
/* End PBXResourcesBuildPhase section */

/* Begin PBXShellScriptBuildPhase section */
		5C2095B67C4154BD994C4A91 /* [CP] Copy Pods Resources */ = {
			isa = PBXShellScriptBuildPhase;
			buildActionMask = 2147483647;
			files = (
			);
			inputPaths = (
			);
			name = "[CP] Copy Pods Resources";
			outputPaths = (
			);
			runOnlyForDeploymentPostprocessing = 0;
			shellPath = /bin/sh;
			shellScript = "\"${SRCROOT}/Pods/Target Support Files/Pods-UolUITests/Pods-UolUITests-resources.sh\"\n";
			showEnvVarsInLog = 0;
		};
		71BB715C8761173A6E982E56 /* [CP] Embed Pods Frameworks */ = {
			isa = PBXShellScriptBuildPhase;
			buildActionMask = 2147483647;
			files = (
			);
			inputPaths = (
			);
			name = "[CP] Embed Pods Frameworks";
			outputPaths = (
			);
			runOnlyForDeploymentPostprocessing = 0;
			shellPath = /bin/sh;
			shellScript = "\"${SRCROOT}/Pods/Target Support Files/Pods-Uol/Pods-Uol-frameworks.sh\"\n";
			showEnvVarsInLog = 0;
		};
		899AF6311D76054BACE6DFA2 /* [CP] Copy Pods Resources */ = {
			isa = PBXShellScriptBuildPhase;
			buildActionMask = 2147483647;
			files = (
			);
			inputPaths = (
			);
			name = "[CP] Copy Pods Resources";
			outputPaths = (
			);
			runOnlyForDeploymentPostprocessing = 0;
			shellPath = /bin/sh;
			shellScript = "\"${SRCROOT}/Pods/Target Support Files/Pods-Uol/Pods-Uol-resources.sh\"\n";
			showEnvVarsInLog = 0;
		};
		A9239465C93721BB634382F5 /* [CP] Check Pods Manifest.lock */ = {
			isa = PBXShellScriptBuildPhase;
			buildActionMask = 2147483647;
			files = (
			);
			inputPaths = (
			);
			name = "[CP] Check Pods Manifest.lock";
			outputPaths = (
			);
			runOnlyForDeploymentPostprocessing = 0;
			shellPath = /bin/sh;
			shellScript = "diff \"${PODS_ROOT}/../Podfile.lock\" \"${PODS_ROOT}/Manifest.lock\" > /dev/null\nif [ $? != 0 ] ; then\n    # print error to STDERR\n    echo \"error: The sandbox is not in sync with the Podfile.lock. Run 'pod install' or update your CocoaPods installation.\" >&2\n    exit 1\nfi\n";
			showEnvVarsInLog = 0;
		};
		AD2E37B9E3D69B2E85E458F2 /* [CP] Check Pods Manifest.lock */ = {
			isa = PBXShellScriptBuildPhase;
			buildActionMask = 2147483647;
			files = (
			);
			inputPaths = (
			);
			name = "[CP] Check Pods Manifest.lock";
			outputPaths = (
			);
			runOnlyForDeploymentPostprocessing = 0;
			shellPath = /bin/sh;
			shellScript = "diff \"${PODS_ROOT}/../Podfile.lock\" \"${PODS_ROOT}/Manifest.lock\" > /dev/null\nif [ $? != 0 ] ; then\n    # print error to STDERR\n    echo \"error: The sandbox is not in sync with the Podfile.lock. Run 'pod install' or update your CocoaPods installation.\" >&2\n    exit 1\nfi\n";
			showEnvVarsInLog = 0;
		};
		C10189D9D7761029B4221914 /* [CP] Check Pods Manifest.lock */ = {
			isa = PBXShellScriptBuildPhase;
			buildActionMask = 2147483647;
			files = (
			);
			inputPaths = (
			);
			name = "[CP] Check Pods Manifest.lock";
			outputPaths = (
			);
			runOnlyForDeploymentPostprocessing = 0;
			shellPath = /bin/sh;
			shellScript = "diff \"${PODS_ROOT}/../Podfile.lock\" \"${PODS_ROOT}/Manifest.lock\" > /dev/null\nif [ $? != 0 ] ; then\n    # print error to STDERR\n    echo \"error: The sandbox is not in sync with the Podfile.lock. Run 'pod install' or update your CocoaPods installation.\" >&2\n    exit 1\nfi\n";
			showEnvVarsInLog = 0;
		};
		EFA63DAE8A1598C19FD6F6DE /* [CP] Copy Pods Resources */ = {
			isa = PBXShellScriptBuildPhase;
			buildActionMask = 2147483647;
			files = (
			);
			inputPaths = (
			);
			name = "[CP] Copy Pods Resources";
			outputPaths = (
			);
			runOnlyForDeploymentPostprocessing = 0;
			shellPath = /bin/sh;
			shellScript = "\"${SRCROOT}/Pods/Target Support Files/Pods-UolTests/Pods-UolTests-resources.sh\"\n";
			showEnvVarsInLog = 0;
		};
		F4F1DCB2BABC1F02D3DE0FBB /* [CP] Embed Pods Frameworks */ = {
			isa = PBXShellScriptBuildPhase;
			buildActionMask = 2147483647;
			files = (
			);
			inputPaths = (
			);
			name = "[CP] Embed Pods Frameworks";
			outputPaths = (
			);
			runOnlyForDeploymentPostprocessing = 0;
			shellPath = /bin/sh;
			shellScript = "\"${SRCROOT}/Pods/Target Support Files/Pods-UolUITests/Pods-UolUITests-frameworks.sh\"\n";
			showEnvVarsInLog = 0;
		};
		F84312D79F7CFAB77407925F /* [CP] Embed Pods Frameworks */ = {
			isa = PBXShellScriptBuildPhase;
			buildActionMask = 2147483647;
			files = (
			);
			inputPaths = (
			);
			name = "[CP] Embed Pods Frameworks";
			outputPaths = (
			);
			runOnlyForDeploymentPostprocessing = 0;
			shellPath = /bin/sh;
			shellScript = "\"${SRCROOT}/Pods/Target Support Files/Pods-UolTests/Pods-UolTests-frameworks.sh\"\n";
			showEnvVarsInLog = 0;
		};
/* End PBXShellScriptBuildPhase section */

/* Begin PBXSourcesBuildPhase section */
		81C01D211F3B5B910073E8B5 /* Sources */ = {
			isa = PBXSourcesBuildPhase;
			buildActionMask = 2147483647;
			files = (
				81C01D5E1F3B5EB60073E8B5 /* BeerCollectionViewCell.swift in Sources */,
				818DC16E1F3B7B4F001751BB /* DetalhesCervejaViewController.swift in Sources */,
				81C01D631F3B62430073E8B5 /* APIUtils.swift in Sources */,
				81C01D2B1F3B5B910073E8B5 /* CervejasViewController.swift in Sources */,
				81C01D581F3B5CCB0073E8B5 /* Beer.swift in Sources */,
				81C01D291F3B5B910073E8B5 /* AppDelegate.swift in Sources */,
			);
			runOnlyForDeploymentPostprocessing = 0;
		};
		81C01D351F3B5B910073E8B5 /* Sources */ = {
			isa = PBXSourcesBuildPhase;
			buildActionMask = 2147483647;
			files = (
				81C01D3E1F3B5B910073E8B5 /* UolTests.swift in Sources */,
			);
			runOnlyForDeploymentPostprocessing = 0;
		};
		81C01D401F3B5B910073E8B5 /* Sources */ = {
			isa = PBXSourcesBuildPhase;
			buildActionMask = 2147483647;
			files = (
				81C01D491F3B5B910073E8B5 /* UolUITests.swift in Sources */,
			);
			runOnlyForDeploymentPostprocessing = 0;
		};
/* End PBXSourcesBuildPhase section */

/* Begin PBXTargetDependency section */
		81C01D3B1F3B5B910073E8B5 /* PBXTargetDependency */ = {
			isa = PBXTargetDependency;
			target = 81C01D241F3B5B910073E8B5 /* Uol */;
			targetProxy = 81C01D3A1F3B5B910073E8B5 /* PBXContainerItemProxy */;
		};
		81C01D461F3B5B910073E8B5 /* PBXTargetDependency */ = {
			isa = PBXTargetDependency;
			target = 81C01D241F3B5B910073E8B5 /* Uol */;
			targetProxy = 81C01D451F3B5B910073E8B5 /* PBXContainerItemProxy */;
		};
/* End PBXTargetDependency section */

/* Begin PBXVariantGroup section */
		81C01D2C1F3B5B910073E8B5 /* Main.storyboard */ = {
			isa = PBXVariantGroup;
			children = (
				81C01D2D1F3B5B910073E8B5 /* Base */,
			);
			name = Main.storyboard;
			sourceTree = "<group>";
		};
		81C01D311F3B5B910073E8B5 /* LaunchScreen.storyboard */ = {
			isa = PBXVariantGroup;
			children = (
				81C01D321F3B5B910073E8B5 /* Base */,
			);
			name = LaunchScreen.storyboard;
			sourceTree = "<group>";
		};
/* End PBXVariantGroup section */

/* Begin XCBuildConfiguration section */
		81C01D4B1F3B5B910073E8B5 /* Debug */ = {
			isa = XCBuildConfiguration;
			buildSettings = {
				ALWAYS_SEARCH_USER_PATHS = NO;
				CLANG_ANALYZER_NONNULL = YES;
				CLANG_ANALYZER_NUMBER_OBJECT_CONVERSION = YES_AGGRESSIVE;
				CLANG_CXX_LANGUAGE_STANDARD = "gnu++0x";
				CLANG_CXX_LIBRARY = "libc++";
				CLANG_ENABLE_MODULES = YES;
				CLANG_ENABLE_OBJC_ARC = YES;
				CLANG_WARN_BOOL_CONVERSION = YES;
				CLANG_WARN_CONSTANT_CONVERSION = YES;
				CLANG_WARN_DIRECT_OBJC_ISA_USAGE = YES_ERROR;
				CLANG_WARN_DOCUMENTATION_COMMENTS = YES;
				CLANG_WARN_EMPTY_BODY = YES;
				CLANG_WARN_ENUM_CONVERSION = YES;
				CLANG_WARN_INFINITE_RECURSION = YES;
				CLANG_WARN_INT_CONVERSION = YES;
				CLANG_WARN_OBJC_ROOT_CLASS = YES_ERROR;
				CLANG_WARN_SUSPICIOUS_MOVE = YES;
				CLANG_WARN_UNREACHABLE_CODE = YES;
				CLANG_WARN__DUPLICATE_METHOD_MATCH = YES;
				"CODE_SIGN_IDENTITY[sdk=iphoneos*]" = "iPhone Developer";
				COPY_PHASE_STRIP = NO;
				DEBUG_INFORMATION_FORMAT = dwarf;
				ENABLE_STRICT_OBJC_MSGSEND = YES;
				ENABLE_TESTABILITY = YES;
				GCC_C_LANGUAGE_STANDARD = gnu99;
				GCC_DYNAMIC_NO_PIC = NO;
				GCC_NO_COMMON_BLOCKS = YES;
				GCC_OPTIMIZATION_LEVEL = 0;
				GCC_PREPROCESSOR_DEFINITIONS = (
					"DEBUG=1",
					"$(inherited)",
				);
				GCC_WARN_64_TO_32_BIT_CONVERSION = YES;
				GCC_WARN_ABOUT_RETURN_TYPE = YES_ERROR;
				GCC_WARN_UNDECLARED_SELECTOR = YES;
				GCC_WARN_UNINITIALIZED_AUTOS = YES_AGGRESSIVE;
				GCC_WARN_UNUSED_FUNCTION = YES;
				GCC_WARN_UNUSED_VARIABLE = YES;
				IPHONEOS_DEPLOYMENT_TARGET = 10.3;
				MTL_ENABLE_DEBUG_INFO = YES;
				ONLY_ACTIVE_ARCH = YES;
				SDKROOT = iphoneos;
				SWIFT_ACTIVE_COMPILATION_CONDITIONS = DEBUG;
				SWIFT_OPTIMIZATION_LEVEL = "-Onone";
				TARGETED_DEVICE_FAMILY = "1,2";
			};
			name = Debug;
		};
		81C01D4C1F3B5B910073E8B5 /* Release */ = {
			isa = XCBuildConfiguration;
			buildSettings = {
				ALWAYS_SEARCH_USER_PATHS = NO;
				CLANG_ANALYZER_NONNULL = YES;
				CLANG_ANALYZER_NUMBER_OBJECT_CONVERSION = YES_AGGRESSIVE;
				CLANG_CXX_LANGUAGE_STANDARD = "gnu++0x";
				CLANG_CXX_LIBRARY = "libc++";
				CLANG_ENABLE_MODULES = YES;
				CLANG_ENABLE_OBJC_ARC = YES;
				CLANG_WARN_BOOL_CONVERSION = YES;
				CLANG_WARN_CONSTANT_CONVERSION = YES;
				CLANG_WARN_DIRECT_OBJC_ISA_USAGE = YES_ERROR;
				CLANG_WARN_DOCUMENTATION_COMMENTS = YES;
				CLANG_WARN_EMPTY_BODY = YES;
				CLANG_WARN_ENUM_CONVERSION = YES;
				CLANG_WARN_INFINITE_RECURSION = YES;
				CLANG_WARN_INT_CONVERSION = YES;
				CLANG_WARN_OBJC_ROOT_CLASS = YES_ERROR;
				CLANG_WARN_SUSPICIOUS_MOVE = YES;
				CLANG_WARN_UNREACHABLE_CODE = YES;
				CLANG_WARN__DUPLICATE_METHOD_MATCH = YES;
				"CODE_SIGN_IDENTITY[sdk=iphoneos*]" = "iPhone Developer";
				COPY_PHASE_STRIP = NO;
				DEBUG_INFORMATION_FORMAT = "dwarf-with-dsym";
				ENABLE_NS_ASSERTIONS = NO;
				ENABLE_STRICT_OBJC_MSGSEND = YES;
				GCC_C_LANGUAGE_STANDARD = gnu99;
				GCC_NO_COMMON_BLOCKS = YES;
				GCC_WARN_64_TO_32_BIT_CONVERSION = YES;
				GCC_WARN_ABOUT_RETURN_TYPE = YES_ERROR;
				GCC_WARN_UNDECLARED_SELECTOR = YES;
				GCC_WARN_UNINITIALIZED_AUTOS = YES_AGGRESSIVE;
				GCC_WARN_UNUSED_FUNCTION = YES;
				GCC_WARN_UNUSED_VARIABLE = YES;
				IPHONEOS_DEPLOYMENT_TARGET = 10.3;
				MTL_ENABLE_DEBUG_INFO = NO;
				SDKROOT = iphoneos;
				SWIFT_OPTIMIZATION_LEVEL = "-Owholemodule";
				TARGETED_DEVICE_FAMILY = "1,2";
				VALIDATE_PRODUCT = YES;
			};
			name = Release;
		};
		81C01D4E1F3B5B910073E8B5 /* Debug */ = {
			isa = XCBuildConfiguration;
			baseConfigurationReference = A089B019917C8565C808E29D /* Pods-Uol.debug.xcconfig */;
			buildSettings = {
				ASSETCATALOG_COMPILER_APPICON_NAME = AppIcon;
				DEVELOPMENT_TEAM = 4W4CDBHWB5;
				INFOPLIST_FILE = Uol/Info.plist;
				LD_RUNPATH_SEARCH_PATHS = "$(inherited) @executable_path/Frameworks";
				PRODUCT_BUNDLE_IDENTIFIER = br.com.vinicius.torres.Uol;
				PRODUCT_NAME = "$(TARGET_NAME)";
				SWIFT_VERSION = 3.0;
			};
			name = Debug;
		};
		81C01D4F1F3B5B910073E8B5 /* Release */ = {
			isa = XCBuildConfiguration;
			baseConfigurationReference = 16A9DAAA346CD2BA63B10906 /* Pods-Uol.release.xcconfig */;
			buildSettings = {
				ASSETCATALOG_COMPILER_APPICON_NAME = AppIcon;
				DEVELOPMENT_TEAM = 4W4CDBHWB5;
				INFOPLIST_FILE = Uol/Info.plist;
				LD_RUNPATH_SEARCH_PATHS = "$(inherited) @executable_path/Frameworks";
				PRODUCT_BUNDLE_IDENTIFIER = br.com.vinicius.torres.Uol;
				PRODUCT_NAME = "$(TARGET_NAME)";
				SWIFT_VERSION = 3.0;
			};
			name = Release;
		};
		81C01D511F3B5B910073E8B5 /* Debug */ = {
			isa = XCBuildConfiguration;
			baseConfigurationReference = DA745A9B7340180AFBD2D0C1 /* Pods-UolTests.debug.xcconfig */;
			buildSettings = {
				ALWAYS_EMBED_SWIFT_STANDARD_LIBRARIES = YES;
				BUNDLE_LOADER = "$(TEST_HOST)";
				DEVELOPMENT_TEAM = 4W4CDBHWB5;
				INFOPLIST_FILE = UolTests/Info.plist;
				LD_RUNPATH_SEARCH_PATHS = "$(inherited) @executable_path/Frameworks @loader_path/Frameworks";
				PRODUCT_BUNDLE_IDENTIFIER = br.com.vinicius.torres.UolTests;
				PRODUCT_NAME = "$(TARGET_NAME)";
				SWIFT_VERSION = 3.0;
				TEST_HOST = "$(BUILT_PRODUCTS_DIR)/Uol.app/Uol";
			};
			name = Debug;
		};
		81C01D521F3B5B910073E8B5 /* Release */ = {
			isa = XCBuildConfiguration;
			baseConfigurationReference = DE6D9657CBABA16B859ED602 /* Pods-UolTests.release.xcconfig */;
			buildSettings = {
				ALWAYS_EMBED_SWIFT_STANDARD_LIBRARIES = YES;
				BUNDLE_LOADER = "$(TEST_HOST)";
				DEVELOPMENT_TEAM = 4W4CDBHWB5;
				INFOPLIST_FILE = UolTests/Info.plist;
				LD_RUNPATH_SEARCH_PATHS = "$(inherited) @executable_path/Frameworks @loader_path/Frameworks";
				PRODUCT_BUNDLE_IDENTIFIER = br.com.vinicius.torres.UolTests;
				PRODUCT_NAME = "$(TARGET_NAME)";
				SWIFT_VERSION = 3.0;
				TEST_HOST = "$(BUILT_PRODUCTS_DIR)/Uol.app/Uol";
			};
			name = Release;
		};
		81C01D541F3B5B910073E8B5 /* Debug */ = {
			isa = XCBuildConfiguration;
			baseConfigurationReference = 7290D89D31120E3AE371164A /* Pods-UolUITests.debug.xcconfig */;
			buildSettings = {
				ALWAYS_EMBED_SWIFT_STANDARD_LIBRARIES = YES;
				DEVELOPMENT_TEAM = 4W4CDBHWB5;
				INFOPLIST_FILE = UolUITests/Info.plist;
				LD_RUNPATH_SEARCH_PATHS = "$(inherited) @executable_path/Frameworks @loader_path/Frameworks";
				PRODUCT_BUNDLE_IDENTIFIER = br.com.vinicius.torres.UolUITests;
				PRODUCT_NAME = "$(TARGET_NAME)";
				SWIFT_VERSION = 3.0;
				TEST_TARGET_NAME = Uol;
			};
			name = Debug;
		};
		81C01D551F3B5B910073E8B5 /* Release */ = {
			isa = XCBuildConfiguration;
			baseConfigurationReference = 69B34649309949F5EE4F6C90 /* Pods-UolUITests.release.xcconfig */;
			buildSettings = {
				ALWAYS_EMBED_SWIFT_STANDARD_LIBRARIES = YES;
				DEVELOPMENT_TEAM = 4W4CDBHWB5;
				INFOPLIST_FILE = UolUITests/Info.plist;
				LD_RUNPATH_SEARCH_PATHS = "$(inherited) @executable_path/Frameworks @loader_path/Frameworks";
				PRODUCT_BUNDLE_IDENTIFIER = br.com.vinicius.torres.UolUITests;
				PRODUCT_NAME = "$(TARGET_NAME)";
				SWIFT_VERSION = 3.0;
				TEST_TARGET_NAME = Uol;
			};
			name = Release;
		};
/* End XCBuildConfiguration section */

/* Begin XCConfigurationList section */
		81C01D201F3B5B910073E8B5 /* Build configuration list for PBXProject "Uol" */ = {
			isa = XCConfigurationList;
			buildConfigurations = (
				81C01D4B1F3B5B910073E8B5 /* Debug */,
				81C01D4C1F3B5B910073E8B5 /* Release */,
			);
			defaultConfigurationIsVisible = 0;
			defaultConfigurationName = Release;
		};
		81C01D4D1F3B5B910073E8B5 /* Build configuration list for PBXNativeTarget "Uol" */ = {
			isa = XCConfigurationList;
			buildConfigurations = (
				81C01D4E1F3B5B910073E8B5 /* Debug */,
				81C01D4F1F3B5B910073E8B5 /* Release */,
			);
			defaultConfigurationIsVisible = 0;
			defaultConfigurationName = Release;
		};
		81C01D501F3B5B910073E8B5 /* Build configuration list for PBXNativeTarget "UolTests" */ = {
			isa = XCConfigurationList;
			buildConfigurations = (
				81C01D511F3B5B910073E8B5 /* Debug */,
				81C01D521F3B5B910073E8B5 /* Release */,
			);
			defaultConfigurationIsVisible = 0;
			defaultConfigurationName = Release;
		};
		81C01D531F3B5B910073E8B5 /* Build configuration list for PBXNativeTarget "UolUITests" */ = {
			isa = XCConfigurationList;
			buildConfigurations = (
				81C01D541F3B5B910073E8B5 /* Debug */,
				81C01D551F3B5B910073E8B5 /* Release */,
			);
			defaultConfigurationIsVisible = 0;
			defaultConfigurationName = Release;
		};
/* End XCConfigurationList section */
	};
	rootObject = 81C01D1D1F3B5B910073E8B5 /* Project object */;
}
